// !$*UTF8*$!
{
	archiveVersion = 1;
	classes = {
	};
	objectVersion = 77;
	objects = {

/* Begin PBXBuildFile section */
		1DCE38A82E60A1F800413689 /* BetterSegmentedControl in Frameworks */ = {isa = PBXBuildFile; productRef = 1DCE38A72E60A1F800413689 /* BetterSegmentedControl */; };
		6815AED02E3E0C2A008476CF /* Lottie in Frameworks */ = {isa = PBXBuildFile; productRef = 6815AECF2E3E0C2A008476CF /* Lottie */; };
		6815AED32E3E0D03008476CF /* FirebaseAnalytics in Frameworks */ = {isa = PBXBuildFile; productRef = 6815AED22E3E0D03008476CF /* FirebaseAnalytics */; };
		6815AED62E3E0D4E008476CF /* GoogleMobileAds in Frameworks */ = {isa = PBXBuildFile; productRef = 6815AED52E3E0D4E008476CF /* GoogleMobileAds */; };
		68413B852E3E0FFF00E05463 /* IOS Helpers in Frameworks */ = {isa = PBXBuildFile; productRef = 68413B842E3E0FFF00E05463 /* IOS Helpers */; };
		68413B8D2E3E11E800E05463 /* FirebaseRemoteConfig in Frameworks */ = {isa = PBXBuildFile; productRef = 68413B8C2E3E11E800E05463 /* FirebaseRemoteConfig */; };
/* End PBXBuildFile section */

/* Begin PBXFileReference section */
		6815AD892E3E0670008476CF /* Quick QR.app */ = {isa = PBXFileReference; explicitFileType = wrapper.application; includeInIndex = 0; path = "Quick QR.app"; sourceTree = BUILT_PRODUCTS_DIR; };
/* End PBXFileReference section */

/* Begin PBXFileSystemSynchronizedBuildFileExceptionSet section */
		6815AD9B2E3E0673008476CF /* Exceptions for "Quick QR" folder in "Quick QR" target */ = {
			isa = PBXFileSystemSynchronizedBuildFileExceptionSet;
			membershipExceptions = (
				Info.plist,
			);
			target = 6815AD882E3E0670008476CF /* Quick QR */;
		};
/* End PBXFileSystemSynchronizedBuildFileExceptionSet section */

/* Begin PBXFileSystemSynchronizedRootGroup section */
		6815AD8B2E3E0670008476CF /* Quick QR */ = {
			isa = PBXFileSystemSynchronizedRootGroup;
			exceptions = (
				6815AD9B2E3E0673008476CF /* Exceptions for "Quick QR" folder in "Quick QR" target */,
			);
			path = "Quick QR";
			sourceTree = "<group>";
		};
/* End PBXFileSystemSynchronizedRootGroup section */

/* Begin PBXFrameworksBuildPhase section */
		6815AD862E3E0670008476CF /* Frameworks */ = {
			isa = PBXFrameworksBuildPhase;
			buildActionMask = 2147483647;
			files = (
				6815AED62E3E0D4E008476CF /* GoogleMobileAds in Frameworks */,
				68413B852E3E0FFF00E05463 /* IOS Helpers in Frameworks */,
				6815AED02E3E0C2A008476CF /* Lottie in Frameworks */,
				6815AED32E3E0D03008476CF /* FirebaseAnalytics in Frameworks */,
				68413B8D2E3E11E800E05463 /* FirebaseRemoteConfig in Frameworks */,
				1DCE38A82E60A1F800413689 /* BetterSegmentedControl in Frameworks */,
			);
			runOnlyForDeploymentPostprocessing = 0;
		};
/* End PBXFrameworksBuildPhase section */

/* Begin PBXGroup section */
		6815AD802E3E0670008476CF = {
			isa = PBXGroup;
			children = (
				6815AD8B2E3E0670008476CF /* Quick QR */,
				6815AD8A2E3E0670008476CF /* Products */,
			);
			sourceTree = "<group>";
		};
		6815AD8A2E3E0670008476CF /* Products */ = {
			isa = PBXGroup;
			children = (
				6815AD892E3E0670008476CF /* Quick QR.app */,
			);
			name = Products;
			sourceTree = "<group>";
		};
/* End PBXGroup section */

/* Begin PBXNativeTarget section */
		6815AD882E3E0670008476CF /* Quick QR */ = {
			isa = PBXNativeTarget;
			buildConfigurationList = 6815AD9C2E3E0673008476CF /* Build configuration list for PBXNativeTarget "Quick QR" */;
			buildPhases = (
				6815AD852E3E0670008476CF /* Sources */,
				6815AD862E3E0670008476CF /* Frameworks */,
				6815AD872E3E0670008476CF /* Resources */,
			);
			buildRules = (
			);
			dependencies = (
			);
			fileSystemSynchronizedGroups = (
				6815AD8B2E3E0670008476CF /* Quick QR */,
			);
			name = "Quick QR";
			packageProductDependencies = (
				6815AECF2E3E0C2A008476CF /* Lottie */,
				6815AED22E3E0D03008476CF /* FirebaseAnalytics */,
				6815AED52E3E0D4E008476CF /* GoogleMobileAds */,
				68413B842E3E0FFF00E05463 /* IOS Helpers */,
				68413B8C2E3E11E800E05463 /* FirebaseRemoteConfig */,
				1DCE38A72E60A1F800413689 /* BetterSegmentedControl */,
			);
			productName = ProductBoilerPlate;
			productReference = 6815AD892E3E0670008476CF /* Quick QR.app */;
			productType = "com.apple.product-type.application";
		};
/* End PBXNativeTarget section */

/* Begin PBXProject section */
		6815AD812E3E0670008476CF /* Project object */ = {
			isa = PBXProject;
			attributes = {
				BuildIndependentTargetsInParallel = 1;
				LastSwiftUpdateCheck = 1620;
				LastUpgradeCheck = 1620;
				TargetAttributes = {
					6815AD882E3E0670008476CF = {
						CreatedOnToolsVersion = 16.2;
					};
				};
			};
			buildConfigurationList = 6815AD842E3E0670008476CF /* Build configuration list for PBXProject "Quick QR" */;
			developmentRegion = en;
			hasScannedForEncodings = 0;
			knownRegions = (
				en,
				Base,
			);
			mainGroup = 6815AD802E3E0670008476CF;
			minimizedProjectReferenceProxies = 1;
			packageReferences = (
				6815AECE2E3E0C2A008476CF /* XCRemoteSwiftPackageReference "lottie-ios" */,
				6815AED12E3E0D03008476CF /* XCRemoteSwiftPackageReference "firebase-ios-sdk" */,
				6815AED42E3E0D4E008476CF /* XCRemoteSwiftPackageReference "swift-package-manager-google-mobile-ads" */,
				68413B832E3E0FFF00E05463 /* XCRemoteSwiftPackageReference "IOS-Helpers" */,
				1DCE38A62E60A1F800413689 /* XCRemoteSwiftPackageReference "BetterSegmentedControl" */,
			);
			preferredProjectObjectVersion = 77;
			productRefGroup = 6815AD8A2E3E0670008476CF /* Products */;
			projectDirPath = "";
			projectRoot = "";
			targets = (
				6815AD882E3E0670008476CF /* Quick QR */,
			);
		};
/* End PBXProject section */

/* Begin PBXResourcesBuildPhase section */
		6815AD872E3E0670008476CF /* Resources */ = {
			isa = PBXResourcesBuildPhase;
			buildActionMask = 2147483647;
			files = (
			);
			runOnlyForDeploymentPostprocessing = 0;
		};
/* End PBXResourcesBuildPhase section */

/* Begin PBXSourcesBuildPhase section */
		6815AD852E3E0670008476CF /* Sources */ = {
			isa = PBXSourcesBuildPhase;
			buildActionMask = 2147483647;
			files = (
			);
			runOnlyForDeploymentPostprocessing = 0;
		};
/* End PBXSourcesBuildPhase section */

/* Begin XCBuildConfiguration section */
		6815AD9D2E3E0673008476CF /* Debug */ = {
			isa = XCBuildConfiguration;
			buildSettings = {
				ASSETCATALOG_COMPILER_APPICON_NAME = AppIcon;
				ASSETCATALOG_COMPILER_GLOBAL_ACCENT_COLOR_NAME = AccentColor;
				CODE_SIGN_STYLE = Automatic;
				CURRENT_PROJECT_VERSION = 1;
				DEVELOPMENT_TEAM = Z78BNUN8G3;
				GENERATE_INFOPLIST_FILE = YES;
				INFOPLIST_FILE = "Quick QR/Info.plist";
				INFOPLIST_KEY_CFBundleDisplayName = "QR Scanner";
				INFOPLIST_KEY_NSUserTrackingUsageDescription = "This allows us to provide you with more personalized ads experience.";
				INFOPLIST_KEY_UIApplicationSupportsIndirectInputEvents = YES;
				INFOPLIST_KEY_UILaunchStoryboardName = LaunchScreen;
				INFOPLIST_KEY_UISupportedInterfaceOrientations_iPad = "UIInterfaceOrientationPortrait UIInterfaceOrientationPortraitUpsideDown UIInterfaceOrientationLandscapeLeft UIInterfaceOrientationLandscapeRight";
				INFOPLIST_KEY_UISupportedInterfaceOrientations_iPhone = "UIInterfaceOrientationPortrait UIInterfaceOrientationLandscapeLeft UIInterfaceOrientationLandscapeRight";
				IPHONEOS_DEPLOYMENT_TARGET = 15.6;
				LD_RUNPATH_SEARCH_PATHS = (
					"$(inherited)",
					"@executable_path/Frameworks",
				);
				MARKETING_VERSION = 1.0;
				PRODUCT_BUNDLE_IDENTIFIER = ProductBoilerPlate.QuickQR;
				PRODUCT_NAME = "$(TARGET_NAME)";
				SWIFT_EMIT_LOC_STRINGS = YES;
				SWIFT_VERSION = 5.0;
				TARGETED_DEVICE_FAMILY = "1,2";
			};
			name = Debug;
		};
		6815AD9E2E3E0673008476CF /* Release */ = {
			isa = XCBuildConfiguration;
			buildSettings = {
				ASSETCATALOG_COMPILER_APPICON_NAME = AppIcon;
				ASSETCATALOG_COMPILER_GLOBAL_ACCENT_COLOR_NAME = AccentColor;
				CODE_SIGN_STYLE = Automatic;
				CURRENT_PROJECT_VERSION = 1;
				DEVELOPMENT_TEAM = Z78BNUN8G3;
				GENERATE_INFOPLIST_FILE = YES;
				INFOPLIST_FILE = "Quick QR/Info.plist";
				INFOPLIST_KEY_CFBundleDisplayName = "QR Scanner";
				INFOPLIST_KEY_NSUserTrackingUsageDescription = "This allows us to provide you with more personalized ads experience.";
				INFOPLIST_KEY_UIApplicationSupportsIndirectInputEvents = YES;
				INFOPLIST_KEY_UILaunchStoryboardName = LaunchScreen;
				INFOPLIST_KEY_UISupportedInterfaceOrientations_iPad = "UIInterfaceOrientationPortrait UIInterfaceOrientationPortraitUpsideDown UIInterfaceOrientationLandscapeLeft UIInterfaceOrientationLandscapeRight";
				INFOPLIST_KEY_UISupportedInterfaceOrientations_iPhone = "UIInterfaceOrientationPortrait UIInterfaceOrientationLandscapeLeft UIInterfaceOrientationLandscapeRight";
				IPHONEOS_DEPLOYMENT_TARGET = 15.6;
				LD_RUNPATH_SEARCH_PATHS = (
					"$(inherited)",
					"@executable_path/Frameworks",
				);
				MARKETING_VERSION = 1.0;
				PRODUCT_BUNDLE_IDENTIFIER = ProductBoilerPlate.QuickQR;
				PRODUCT_NAME = "$(TARGET_NAME)";
				SWIFT_EMIT_LOC_STRINGS = YES;
				SWIFT_VERSION = 5.0;
				TARGETED_DEVICE_FAMILY = "1,2";
			};
			name = Release;
		};
		6815AD9F2E3E0673008476CF /* Debug */ = {
			isa = XCBuildConfiguration;
			buildSettings = {
				ALWAYS_SEARCH_USER_PATHS = NO;
				ASSETCATALOG_COMPILER_GENERATE_SWIFT_ASSET_SYMBOL_EXTENSIONS = YES;
				CLANG_ANALYZER_NONNULL = YES;
				CLANG_ANALYZER_NUMBER_OBJECT_CONVERSION = YES_AGGRESSIVE;
				CLANG_CXX_LANGUAGE_STANDARD = "gnu++20";
				CLANG_ENABLE_MODULES = YES;
				CLANG_ENABLE_OBJC_ARC = YES;
				CLANG_ENABLE_OBJC_WEAK = YES;
				CLANG_WARN_BLOCK_CAPTURE_AUTORELEASING = YES;
				CLANG_WARN_BOOL_CONVERSION = YES;
				CLANG_WARN_COMMA = YES;
				CLANG_WARN_CONSTANT_CONVERSION = YES;
				CLANG_WARN_DEPRECATED_OBJC_IMPLEMENTATIONS = YES;
				CLANG_WARN_DIRECT_OBJC_ISA_USAGE = YES_ERROR;
				CLANG_WARN_DOCUMENTATION_COMMENTS = YES;
				CLANG_WARN_EMPTY_BODY = YES;
				CLANG_WARN_ENUM_CONVERSION = YES;
				CLANG_WARN_INFINITE_RECURSION = YES;
				CLANG_WARN_INT_CONVERSION = YES;
				CLANG_WARN_NON_LITERAL_NULL_CONVERSION = YES;
				CLANG_WARN_OBJC_IMPLICIT_RETAIN_SELF = YES;
				CLANG_WARN_OBJC_LITERAL_CONVERSION = YES;
				CLANG_WARN_OBJC_ROOT_CLASS = YES_ERROR;
				CLANG_WARN_QUOTED_INCLUDE_IN_FRAMEWORK_HEADER = YES;
				CLANG_WARN_RANGE_LOOP_ANALYSIS = YES;
				CLANG_WARN_STRICT_PROTOTYPES = YES;
				CLANG_WARN_SUSPICIOUS_MOVE = YES;
				CLANG_WARN_UNGUARDED_AVAILABILITY = YES_AGGRESSIVE;
				CLANG_WARN_UNREACHABLE_CODE = YES;
				CLANG_WARN__DUPLICATE_METHOD_MATCH = YES;
				COPY_PHASE_STRIP = NO;
				DEBUG_INFORMATION_FORMAT = dwarf;
				ENABLE_STRICT_OBJC_MSGSEND = YES;
				ENABLE_TESTABILITY = YES;
				ENABLE_USER_SCRIPT_SANDBOXING = YES;
				GCC_C_LANGUAGE_STANDARD = gnu17;
				GCC_DYNAMIC_NO_PIC = NO;
				GCC_NO_COMMON_BLOCKS = YES;
				GCC_OPTIMIZATION_LEVEL = 0;
				GCC_PREPROCESSOR_DEFINITIONS = (
					"DEBUG=1",
					"$(inherited)",
				);
				GCC_WARN_64_TO_32_BIT_CONVERSION = YES;
				GCC_WARN_ABOUT_RETURN_TYPE = YES_ERROR;
				GCC_WARN_UNDECLARED_SELECTOR = YES;
				GCC_WARN_UNINITIALIZED_AUTOS = YES_AGGRESSIVE;
				GCC_WARN_UNUSED_FUNCTION = YES;
				GCC_WARN_UNUSED_VARIABLE = YES;
				IPHONEOS_DEPLOYMENT_TARGET = 18.2;
				LOCALIZATION_PREFERS_STRING_CATALOGS = YES;
				MTL_ENABLE_DEBUG_INFO = INCLUDE_SOURCE;
				MTL_FAST_MATH = YES;
				ONLY_ACTIVE_ARCH = YES;
				SDKROOT = iphoneos;
				SWIFT_ACTIVE_COMPILATION_CONDITIONS = "DEBUG $(inherited)";
				SWIFT_OPTIMIZATION_LEVEL = "-Onone";
			};
			name = Debug;
		};
		6815ADA02E3E0673008476CF /* Release */ = {
			isa = XCBuildConfiguration;
			buildSettings = {
				ALWAYS_SEARCH_USER_PATHS = NO;
				ASSETCATALOG_COMPILER_GENERATE_SWIFT_ASSET_SYMBOL_EXTENSIONS = YES;
				CLANG_ANALYZER_NONNULL = YES;
				CLANG_ANALYZER_NUMBER_OBJECT_CONVERSION = YES_AGGRESSIVE;
				CLANG_CXX_LANGUAGE_STANDARD = "gnu++20";
				CLANG_ENABLE_MODULES = YES;
				CLANG_ENABLE_OBJC_ARC = YES;
				CLANG_ENABLE_OBJC_WEAK = YES;
				CLANG_WARN_BLOCK_CAPTURE_AUTORELEASING = YES;
				CLANG_WARN_BOOL_CONVERSION = YES;
				CLANG_WARN_COMMA = YES;
				CLANG_WARN_CONSTANT_CONVERSION = YES;
				CLANG_WARN_DEPRECATED_OBJC_IMPLEMENTATIONS = YES;
				CLANG_WARN_DIRECT_OBJC_ISA_USAGE = YES_ERROR;
				CLANG_WARN_DOCUMENTATION_COMMENTS = YES;
				CLANG_WARN_EMPTY_BODY = YES;
				CLANG_WARN_ENUM_CONVERSION = YES;
				CLANG_WARN_INFINITE_RECURSION = YES;
				CLANG_WARN_INT_CONVERSION = YES;
				CLANG_WARN_NON_LITERAL_NULL_CONVERSION = YES;
				CLANG_WARN_OBJC_IMPLICIT_RETAIN_SELF = YES;
				CLANG_WARN_OBJC_LITERAL_CONVERSION = YES;
				CLANG_WARN_OBJC_ROOT_CLASS = YES_ERROR;
				CLANG_WARN_QUOTED_INCLUDE_IN_FRAMEWORK_HEADER = YES;
				CLANG_WARN_RANGE_LOOP_ANALYSIS = YES;
				CLANG_WARN_STRICT_PROTOTYPES = YES;
				CLANG_WARN_SUSPICIOUS_MOVE = YES;
				CLANG_WARN_UNGUARDED_AVAILABILITY = YES_AGGRESSIVE;
				CLANG_WARN_UNREACHABLE_CODE = YES;
				CLANG_WARN__DUPLICATE_METHOD_MATCH = YES;
				COPY_PHASE_STRIP = NO;
				DEBUG_INFORMATION_FORMAT = "dwarf-with-dsym";
				ENABLE_NS_ASSERTIONS = NO;
				ENABLE_STRICT_OBJC_MSGSEND = YES;
				ENABLE_USER_SCRIPT_SANDBOXING = YES;
				GCC_C_LANGUAGE_STANDARD = gnu17;
				GCC_NO_COMMON_BLOCKS = YES;
				GCC_WARN_64_TO_32_BIT_CONVERSION = YES;
				GCC_WARN_ABOUT_RETURN_TYPE = YES_ERROR;
				GCC_WARN_UNDECLARED_SELECTOR = YES;
				GCC_WARN_UNINITIALIZED_AUTOS = YES_AGGRESSIVE;
				GCC_WARN_UNUSED_FUNCTION = YES;
				GCC_WARN_UNUSED_VARIABLE = YES;
				IPHONEOS_DEPLOYMENT_TARGET = 18.2;
				LOCALIZATION_PREFERS_STRING_CATALOGS = YES;
				MTL_ENABLE_DEBUG_INFO = NO;
				MTL_FAST_MATH = YES;
				SDKROOT = iphoneos;
				SWIFT_COMPILATION_MODE = wholemodule;
				VALIDATE_PRODUCT = YES;
			};
			name = Release;
		};
/* End XCBuildConfiguration section */

/* Begin XCConfigurationList section */
		6815AD842E3E0670008476CF /* Build configuration list for PBXProject "Quick QR" */ = {
			isa = XCConfigurationList;
			buildConfigurations = (
				6815AD9F2E3E0673008476CF /* Debug */,
				6815ADA02E3E0673008476CF /* Release */,
			);
			defaultConfigurationIsVisible = 0;
			defaultConfigurationName = Release;
		};
		6815AD9C2E3E0673008476CF /* Build configuration list for PBXNativeTarget "Quick QR" */ = {
			isa = XCConfigurationList;
			buildConfigurations = (
				6815AD9D2E3E0673008476CF /* Debug */,
				6815AD9E2E3E0673008476CF /* Release */,
			);
			defaultConfigurationIsVisible = 0;
			defaultConfigurationName = Release;
		};
/* End XCConfigurationList section */

/* Begin XCRemoteSwiftPackageReference section */
		1DCE38A62E60A1F800413689 /* XCRemoteSwiftPackageReference "BetterSegmentedControl" */ = {
			isa = XCRemoteSwiftPackageReference;
			repositoryURL = "https://github.com/gmarm/BetterSegmentedControl";
			requirement = {
				kind = upToNextMajorVersion;
				minimumVersion = 2.0.1;
			};
		};
		6815AECE2E3E0C2A008476CF /* XCRemoteSwiftPackageReference "lottie-ios" */ = {
			isa = XCRemoteSwiftPackageReference;
			repositoryURL = "https://github.com/airbnb/lottie-ios.git";
			requirement = {
				kind = upToNextMajorVersion;
				minimumVersion = 4.5.2;
			};
		};
		6815AED12E3E0D03008476CF /* XCRemoteSwiftPackageReference "firebase-ios-sdk" */ = {
			isa = XCRemoteSwiftPackageReference;
			repositoryURL = "https://github.com/firebase/firebase-ios-sdk.git";
			requirement = {
				kind = upToNextMajorVersion;
				minimumVersion = 12.0.0;
			};
		};
		6815AED42E3E0D4E008476CF /* XCRemoteSwiftPackageReference "swift-package-manager-google-mobile-ads" */ = {
			isa = XCRemoteSwiftPackageReference;
			repositoryURL = "https://github.com/googleads/swift-package-manager-google-mobile-ads.git";
			requirement = {
				kind = upToNextMajorVersion;
				minimumVersion = 12.8.0;
			};
		};
		68413B832E3E0FFF00E05463 /* XCRemoteSwiftPackageReference "IOS-Helpers" */ = {
			isa = XCRemoteSwiftPackageReference;
			repositoryURL = "https://github.com/UmairAfzalGitHub/IOS-Helpers";
			requirement = {
				branch = main;
				kind = branch;
			};
		};
/* End XCRemoteSwiftPackageReference section */

/* Begin XCSwiftPackageProductDependency section */
		1DCE38A72E60A1F800413689 /* BetterSegmentedControl */ = {
			isa = XCSwiftPackageProductDependency;
			package = 1DCE38A62E60A1F800413689 /* XCRemoteSwiftPackageReference "BetterSegmentedControl" */;
			productName = BetterSegmentedControl;
		};
		6815AECF2E3E0C2A008476CF /* Lottie */ = {
			isa = XCSwiftPackageProductDependency;
			package = 6815AECE2E3E0C2A008476CF /* XCRemoteSwiftPackageReference "lottie-ios" */;
			productName = Lottie;
		};
		6815AED22E3E0D03008476CF /* FirebaseAnalytics */ = {
			isa = XCSwiftPackageProductDependency;
			package = 6815AED12E3E0D03008476CF /* XCRemoteSwiftPackageReference "firebase-ios-sdk" */;
			productName = FirebaseAnalytics;
		};
		6815AED52E3E0D4E008476CF /* GoogleMobileAds */ = {
			isa = XCSwiftPackageProductDependency;
			package = 6815AED42E3E0D4E008476CF /* XCRemoteSwiftPackageReference "swift-package-manager-google-mobile-ads" */;
			productName = GoogleMobileAds;
		};
		68413B842E3E0FFF00E05463 /* IOS Helpers */ = {
			isa = XCSwiftPackageProductDependency;
			package = 68413B832E3E0FFF00E05463 /* XCRemoteSwiftPackageReference "IOS-Helpers" */;
			productName = "IOS Helpers";
		};
		68413B8C2E3E11E800E05463 /* FirebaseRemoteConfig */ = {
			isa = XCSwiftPackageProductDependency;
			package = 6815AED12E3E0D03008476CF /* XCRemoteSwiftPackageReference "firebase-ios-sdk" */;
			productName = FirebaseRemoteConfig;
		};
/* End XCSwiftPackageProductDependency section */
	};
	rootObject = 6815AD812E3E0670008476CF /* Project object */;
}
